// !$*UTF8*$!
{
	archiveVersion = 1;
	classes = {
	};
	objectVersion = 45;
	objects = {

/* Begin PBXBuildFile section */
		1B180A7012ED00A000FDA433 /* libDNAdditions.a in Frameworks */ = {isa = PBXBuildFile; fileRef = 1B180A6F12ED00A000FDA433 /* libDNAdditions.a */; };
		1B2D45BE12B4819900745347 /* MainMenuViewController.m in Sources */ = {isa = PBXBuildFile; fileRef = 1B2D45BC12B4819900745347 /* MainMenuViewController.m */; };
		1B2D45BF12B4819900745347 /* MainMenuViewController.xib in Resources */ = {isa = PBXBuildFile; fileRef = 1B2D45BD12B4819900745347 /* MainMenuViewController.xib */; };
		1B2D45DE12B53D1100745347 /* iYAPCBackground.png in Resources */ = {isa = PBXBuildFile; fileRef = 1B2D45DC12B53D1100745347 /* iYAPCBackground.png */; };
		1B2D45DF12B53D1100745347 /* iYAPCBackground@2x.png in Resources */ = {isa = PBXBuildFile; fileRef = 1B2D45DD12B53D1100745347 /* iYAPCBackground@2x.png */; };
		1B2D45E312B53E1B00745347 /* SessionTabViewController.m in Sources */ = {isa = PBXBuildFile; fileRef = 1B2D45E112B53E1B00745347 /* SessionTabViewController.m */; };
		1B2D46F312B9778200745347 /* ASIAuthenticationDialog.m in Sources */ = {isa = PBXBuildFile; fileRef = 1B2D46CF12B9778200745347 /* ASIAuthenticationDialog.m */; };
		1B2D46F412B9778200745347 /* ASIDataCompressor.m in Sources */ = {isa = PBXBuildFile; fileRef = 1B2D46D212B9778200745347 /* ASIDataCompressor.m */; };
		1B2D46F512B9778200745347 /* ASIDataDecompressor.m in Sources */ = {isa = PBXBuildFile; fileRef = 1B2D46D412B9778200745347 /* ASIDataDecompressor.m */; };
		1B2D46F612B9778200745347 /* ASIDownloadCache.m in Sources */ = {isa = PBXBuildFile; fileRef = 1B2D46D612B9778200745347 /* ASIDownloadCache.m */; };
		1B2D46F712B9778200745347 /* ASIFormDataRequest.m in Sources */ = {isa = PBXBuildFile; fileRef = 1B2D46D812B9778200745347 /* ASIFormDataRequest.m */; };
		1B2D46F812B9778200745347 /* ASIHTTPRequest.m in Sources */ = {isa = PBXBuildFile; fileRef = 1B2D46DA12B9778200745347 /* ASIHTTPRequest.m */; };
		1B2D46F912B9778200745347 /* ASIInputStream.m in Sources */ = {isa = PBXBuildFile; fileRef = 1B2D46DE12B9778200745347 /* ASIInputStream.m */; };
		1B2D46FA12B9778200745347 /* ASINetworkQueue.m in Sources */ = {isa = PBXBuildFile; fileRef = 1B2D46E012B9778200745347 /* ASINetworkQueue.m */; };
		1B2D46FC12B9778200745347 /* ASIS3Bucket.m in Sources */ = {isa = PBXBuildFile; fileRef = 1B2D46E812B9778200745347 /* ASIS3Bucket.m */; };
		1B2D46FD12B9778200745347 /* ASIS3BucketObject.m in Sources */ = {isa = PBXBuildFile; fileRef = 1B2D46EA12B9778200745347 /* ASIS3BucketObject.m */; };
		1B2D46FE12B9778200745347 /* ASIS3BucketRequest.m in Sources */ = {isa = PBXBuildFile; fileRef = 1B2D46EC12B9778200745347 /* ASIS3BucketRequest.m */; };
		1B2D46FF12B9778200745347 /* ASIS3ObjectRequest.m in Sources */ = {isa = PBXBuildFile; fileRef = 1B2D46EE12B9778200745347 /* ASIS3ObjectRequest.m */; };
		1B2D470012B9778200745347 /* ASIS3Request.m in Sources */ = {isa = PBXBuildFile; fileRef = 1B2D46F012B9778200745347 /* ASIS3Request.m */; };
		1B2D470112B9778200745347 /* ASIS3ServiceRequest.m in Sources */ = {isa = PBXBuildFile; fileRef = 1B2D46F212B9778200745347 /* ASIS3ServiceRequest.m */; };
		1B2D470912B977A700745347 /* CFNetwork.framework in Frameworks */ = {isa = PBXBuildFile; fileRef = 1B2D470812B977A700745347 /* CFNetwork.framework */; };
		1B2D470D12B977B000745347 /* SystemConfiguration.framework in Frameworks */ = {isa = PBXBuildFile; fileRef = 1B2D470C12B977B000745347 /* SystemConfiguration.framework */; };
		1B2D471112B977B700745347 /* MobileCoreServices.framework in Frameworks */ = {isa = PBXBuildFile; fileRef = 1B2D471012B977B700745347 /* MobileCoreServices.framework */; };
		1B2D471512B977D100745347 /* libz.1.2.3.dylib in Frameworks */ = {isa = PBXBuildFile; fileRef = 1B2D471412B977D100745347 /* libz.1.2.3.dylib */; };
		1B2D483712BA703100745347 /* TestEvents.xml in Resources */ = {isa = PBXBuildFile; fileRef = 1B2D483612BA703100745347 /* TestEvents.xml */; };
		1B6E171812BFC51400C44A42 /* Reachability.m in Sources */ = {isa = PBXBuildFile; fileRef = 1B6E171712BFC51400C44A42 /* Reachability.m */; };
		1B6E186D12C0730D00C44A42 /* UserManager.m in Sources */ = {isa = PBXBuildFile; fileRef = 1B6E186C12C0730D00C44A42 /* UserManager.m */; };
		1B6E195512C3F75C00C44A42 /* libxml2.2.dylib in Frameworks */ = {isa = PBXBuildFile; fileRef = 1B6E188612C3D44B00C44A42 /* libxml2.2.dylib */; };
		1B7999AE12E9E8E5000813BA /* TPFLogo.png in Resources */ = {isa = PBXBuildFile; fileRef = 1B7999AC12E9E8E5000813BA /* TPFLogo.png */; };
		1B7999AF12E9E8E5000813BA /* TPFLogo@2x.png in Resources */ = {isa = PBXBuildFile; fileRef = 1B7999AD12E9E8E5000813BA /* TPFLogo@2x.png */; };
		1BB16B9812FA74A400123D6A /* TrackSessionsViewController.m in Sources */ = {isa = PBXBuildFile; fileRef = 1BB16B9712FA74A400123D6A /* TrackSessionsViewController.m */; };
		1BB16C3612FCEAB300123D6A /* SessionSummaryHeaderView.m in Sources */ = {isa = PBXBuildFile; fileRef = 1BB16C3512FCEAB300123D6A /* SessionSummaryHeaderView.m */; };
		1BD985CB12E3A0EA001C2BB0 /* PublicDataManager.m in Sources */ = {isa = PBXBuildFile; fileRef = 1BD985CA12E3A0EA001C2BB0 /* PublicDataManager.m */; };
		1BD988FB12E694E8001C2BB0 /* SessionDayViewController.m in Sources */ = {isa = PBXBuildFile; fileRef = 1BD988FA12E694E8001C2BB0 /* SessionDayViewController.m */; };
		1BD9897A12E6ACFF001C2BB0 /* SessionSummaryTableViewCell.m in Sources */ = {isa = PBXBuildFile; fileRef = 1BD9897912E6ACFF001C2BB0 /* SessionSummaryTableViewCell.m */; };
		1BD9897C12E6B293001C2BB0 /* SessionSummaryTableViewCell.xib in Resources */ = {isa = PBXBuildFile; fileRef = 1BD9897B12E6B293001C2BB0 /* SessionSummaryTableViewCell.xib */; };
		1BD98A4B12E6C40B001C2BB0 /* SessionDetailViewController.m in Sources */ = {isa = PBXBuildFile; fileRef = 1BD98A4A12E6C40B001C2BB0 /* SessionDetailViewController.m */; };
		1BD98B8912E8A349001C2BB0 /* PersonModel.m in Sources */ = {isa = PBXBuildFile; fileRef = 1BD98B7812E8A349001C2BB0 /* PersonModel.m */; };
		1BD98B8B12E8A349001C2BB0 /* AttendeeModel.m in Sources */ = {isa = PBXBuildFile; fileRef = 1BD98B7C12E8A349001C2BB0 /* AttendeeModel.m */; };
		1BD98B8C12E8A349001C2BB0 /* VenueModel.m in Sources */ = {isa = PBXBuildFile; fileRef = 1BD98B7E12E8A349001C2BB0 /* VenueModel.m */; };
		1BD98B8E12E8A349001C2BB0 /* EventModel.m in Sources */ = {isa = PBXBuildFile; fileRef = 1BD98B8212E8A349001C2BB0 /* EventModel.m */; };
		1BD98B8F12E8A349001C2BB0 /* LocationModel.m in Sources */ = {isa = PBXBuildFile; fileRef = 1BD98B8412E8A349001C2BB0 /* LocationModel.m */; };
		1BD98B9012E8A349001C2BB0 /* PresenterModel.m in Sources */ = {isa = PBXBuildFile; fileRef = 1BD98B8612E8A349001C2BB0 /* PresenterModel.m */; };
		1BD98B9112E8A349001C2BB0 /* DayModel.m in Sources */ = {isa = PBXBuildFile; fileRef = 1BD98B8812E8A349001C2BB0 /* DayModel.m */; };
		1BD98B9A12E91D3D001C2BB0 /* SessionModel.m in Sources */ = {isa = PBXBuildFile; fileRef = 1BD98B9912E91D3D001C2BB0 /* SessionModel.m */; };
		1BFAC46012F8839A00D02141 /* TrackModel.m in Sources */ = {isa = PBXBuildFile; fileRef = 1BFAC45F12F8839A00D02141 /* TrackModel.m */; };
		1BFAC46F12FA14DE00D02141 /* TracksListViewController.m in Sources */ = {isa = PBXBuildFile; fileRef = 1BFAC46E12FA14DE00D02141 /* TracksListViewController.m */; };
		1BFAC47212FA631900D02141 /* iYFetchedResultTableViewController.m in Sources */ = {isa = PBXBuildFile; fileRef = 1BFAC47112FA631900D02141 /* iYFetchedResultTableViewController.m */; };
		1D3623260D0F684500981E51 /* iYAPCAppDelegate.m in Sources */ = {isa = PBXBuildFile; fileRef = 1D3623250D0F684500981E51 /* iYAPCAppDelegate.m */; };
		1D60589B0D05DD56006BFB54 /* main.m in Sources */ = {isa = PBXBuildFile; fileRef = 29B97316FDCFA39411CA2CEA /* main.m */; };
		1D60589F0D05DD5A006BFB54 /* Foundation.framework in Frameworks */ = {isa = PBXBuildFile; fileRef = 1D30AB110D05D00D00671497 /* Foundation.framework */; };
		1DF5F4E00D08C38300B7A737 /* UIKit.framework in Frameworks */ = {isa = PBXBuildFile; fileRef = 1DF5F4DF0D08C38300B7A737 /* UIKit.framework */; };
		28860BE50F44EE6400985440 /* CoreData.framework in Frameworks */ = {isa = PBXBuildFile; fileRef = 28860BE40F44EE6400985440 /* CoreData.framework */; };
		2892E4100DC94CBA00A64D0F /* CoreGraphics.framework in Frameworks */ = {isa = PBXBuildFile; fileRef = 2892E40F0DC94CBA00A64D0F /* CoreGraphics.framework */; };
		2899E5600DE3E45000AC0155 /* RootEventViewController.xib in Resources */ = {isa = PBXBuildFile; fileRef = 2899E55F0DE3E45000AC0155 /* RootEventViewController.xib */; };
		28AD73600D9D9599002E5188 /* MainWindow.xib in Resources */ = {isa = PBXBuildFile; fileRef = 28AD735F0D9D9599002E5188 /* MainWindow.xib */; };
		28C286E10D94DF7D0034E888 /* RootEventViewController.m in Sources */ = {isa = PBXBuildFile; fileRef = 28C286E00D94DF7D0034E888 /* RootEventViewController.m */; };
		28D3F202112F7DC200FD0661 /* iYAPC.xcdatamodeld in Sources */ = {isa = PBXBuildFile; fileRef = 28D3F201112F7DC200FD0661 /* iYAPC.xcdatamodeld */; };
/* End PBXBuildFile section */

/* Begin PBXFileReference section */
		1B180A6D12ED00A000FDA433 /* DNFetchedRequestManager.h */ = {isa = PBXFileReference; fileEncoding = 4; lastKnownFileType = sourcecode.c.h; path = DNFetchedRequestManager.h; sourceTree = "<group>"; };
		1B180A6E12ED00A000FDA433 /* DNManagedObjectXMLSync.h */ = {isa = PBXFileReference; fileEncoding = 4; lastKnownFileType = sourcecode.c.h; path = DNManagedObjectXMLSync.h; sourceTree = "<group>"; };
		1B180A6F12ED00A000FDA433 /* libDNAdditions.a */ = {isa = PBXFileReference; lastKnownFileType = archive.ar; path = libDNAdditions.a; sourceTree = "<group>"; };
		1B2D45BB12B4819900745347 /* MainMenuViewController.h */ = {isa = PBXFileReference; fileEncoding = 4; lastKnownFileType = sourcecode.c.h; path = MainMenuViewController.h; sourceTree = "<group>"; };
		1B2D45BC12B4819900745347 /* MainMenuViewController.m */ = {isa = PBXFileReference; fileEncoding = 4; lastKnownFileType = sourcecode.c.objc; path = MainMenuViewController.m; sourceTree = "<group>"; };
		1B2D45BD12B4819900745347 /* MainMenuViewController.xib */ = {isa = PBXFileReference; lastKnownFileType = file.xib; path = MainMenuViewController.xib; sourceTree = "<group>"; };
		1B2D45DC12B53D1100745347 /* iYAPCBackground.png */ = {isa = PBXFileReference; lastKnownFileType = image.png; path = iYAPCBackground.png; sourceTree = "<group>"; };
		1B2D45DD12B53D1100745347 /* iYAPCBackground@2x.png */ = {isa = PBXFileReference; lastKnownFileType = image.png; path = "iYAPCBackground@2x.png"; sourceTree = "<group>"; };
		1B2D45E012B53E1B00745347 /* SessionTabViewController.h */ = {isa = PBXFileReference; fileEncoding = 4; lastKnownFileType = sourcecode.c.h; path = SessionTabViewController.h; sourceTree = "<group>"; };
		1B2D45E112B53E1B00745347 /* SessionTabViewController.m */ = {isa = PBXFileReference; fileEncoding = 4; lastKnownFileType = sourcecode.c.objc; path = SessionTabViewController.m; sourceTree = "<group>"; };
		1B2D46C412B9750100745347 /* SynthesizeSingleton.h */ = {isa = PBXFileReference; fileEncoding = 4; lastKnownFileType = sourcecode.c.h; name = SynthesizeSingleton.h; path = Classes/SynthesizeSingleton.h; sourceTree = "<group>"; };
		1B2D46CE12B9778200745347 /* ASIAuthenticationDialog.h */ = {isa = PBXFileReference; fileEncoding = 4; lastKnownFileType = sourcecode.c.h; name = ASIAuthenticationDialog.h; path = "Libraries/asi-http-request/Classes/ASIAuthenticationDialog.h"; sourceTree = "<group>"; };
		1B2D46CF12B9778200745347 /* ASIAuthenticationDialog.m */ = {isa = PBXFileReference; fileEncoding = 4; lastKnownFileType = sourcecode.c.objc; name = ASIAuthenticationDialog.m; path = "Libraries/asi-http-request/Classes/ASIAuthenticationDialog.m"; sourceTree = "<group>"; };
		1B2D46D012B9778200745347 /* ASICacheDelegate.h */ = {isa = PBXFileReference; fileEncoding = 4; lastKnownFileType = sourcecode.c.h; name = ASICacheDelegate.h; path = "Libraries/asi-http-request/Classes/ASICacheDelegate.h"; sourceTree = "<group>"; };
		1B2D46D112B9778200745347 /* ASIDataCompressor.h */ = {isa = PBXFileReference; fileEncoding = 4; lastKnownFileType = sourcecode.c.h; name = ASIDataCompressor.h; path = "Libraries/asi-http-request/Classes/ASIDataCompressor.h"; sourceTree = "<group>"; };
		1B2D46D212B9778200745347 /* ASIDataCompressor.m */ = {isa = PBXFileReference; fileEncoding = 4; lastKnownFileType = sourcecode.c.objc; name = ASIDataCompressor.m; path = "Libraries/asi-http-request/Classes/ASIDataCompressor.m"; sourceTree = "<group>"; };
		1B2D46D312B9778200745347 /* ASIDataDecompressor.h */ = {isa = PBXFileReference; fileEncoding = 4; lastKnownFileType = sourcecode.c.h; name = ASIDataDecompressor.h; path = "Libraries/asi-http-request/Classes/ASIDataDecompressor.h"; sourceTree = "<group>"; };
		1B2D46D412B9778200745347 /* ASIDataDecompressor.m */ = {isa = PBXFileReference; fileEncoding = 4; lastKnownFileType = sourcecode.c.objc; name = ASIDataDecompressor.m; path = "Libraries/asi-http-request/Classes/ASIDataDecompressor.m"; sourceTree = "<group>"; };
		1B2D46D512B9778200745347 /* ASIDownloadCache.h */ = {isa = PBXFileReference; fileEncoding = 4; lastKnownFileType = sourcecode.c.h; name = ASIDownloadCache.h; path = "Libraries/asi-http-request/Classes/ASIDownloadCache.h"; sourceTree = "<group>"; };
		1B2D46D612B9778200745347 /* ASIDownloadCache.m */ = {isa = PBXFileReference; fileEncoding = 4; lastKnownFileType = sourcecode.c.objc; name = ASIDownloadCache.m; path = "Libraries/asi-http-request/Classes/ASIDownloadCache.m"; sourceTree = "<group>"; };
		1B2D46D712B9778200745347 /* ASIFormDataRequest.h */ = {isa = PBXFileReference; fileEncoding = 4; lastKnownFileType = sourcecode.c.h; name = ASIFormDataRequest.h; path = "Libraries/asi-http-request/Classes/ASIFormDataRequest.h"; sourceTree = "<group>"; };
		1B2D46D812B9778200745347 /* ASIFormDataRequest.m */ = {isa = PBXFileReference; fileEncoding = 4; lastKnownFileType = sourcecode.c.objc; name = ASIFormDataRequest.m; path = "Libraries/asi-http-request/Classes/ASIFormDataRequest.m"; sourceTree = "<group>"; };
		1B2D46D912B9778200745347 /* ASIHTTPRequest.h */ = {isa = PBXFileReference; fileEncoding = 4; lastKnownFileType = sourcecode.c.h; name = ASIHTTPRequest.h; path = "Libraries/asi-http-request/Classes/ASIHTTPRequest.h"; sourceTree = "<group>"; };
		1B2D46DA12B9778200745347 /* ASIHTTPRequest.m */ = {isa = PBXFileReference; fileEncoding = 4; lastKnownFileType = sourcecode.c.objc; name = ASIHTTPRequest.m; path = "Libraries/asi-http-request/Classes/ASIHTTPRequest.m"; sourceTree = "<group>"; };
		1B2D46DB12B9778200745347 /* ASIHTTPRequestConfig.h */ = {isa = PBXFileReference; fileEncoding = 4; lastKnownFileType = sourcecode.c.h; name = ASIHTTPRequestConfig.h; path = "Libraries/asi-http-request/Classes/ASIHTTPRequestConfig.h"; sourceTree = "<group>"; };
		1B2D46DC12B9778200745347 /* ASIHTTPRequestDelegate.h */ = {isa = PBXFileReference; fileEncoding = 4; lastKnownFileType = sourcecode.c.h; name = ASIHTTPRequestDelegate.h; path = "Libraries/asi-http-request/Classes/ASIHTTPRequestDelegate.h"; sourceTree = "<group>"; };
		1B2D46DD12B9778200745347 /* ASIInputStream.h */ = {isa = PBXFileReference; fileEncoding = 4; lastKnownFileType = sourcecode.c.h; name = ASIInputStream.h; path = "Libraries/asi-http-request/Classes/ASIInputStream.h"; sourceTree = "<group>"; };
		1B2D46DE12B9778200745347 /* ASIInputStream.m */ = {isa = PBXFileReference; fileEncoding = 4; lastKnownFileType = sourcecode.c.objc; name = ASIInputStream.m; path = "Libraries/asi-http-request/Classes/ASIInputStream.m"; sourceTree = "<group>"; };
		1B2D46DF12B9778200745347 /* ASINetworkQueue.h */ = {isa = PBXFileReference; fileEncoding = 4; lastKnownFileType = sourcecode.c.h; name = ASINetworkQueue.h; path = "Libraries/asi-http-request/Classes/ASINetworkQueue.h"; sourceTree = "<group>"; };
		1B2D46E012B9778200745347 /* ASINetworkQueue.m */ = {isa = PBXFileReference; fileEncoding = 4; lastKnownFileType = sourcecode.c.objc; name = ASINetworkQueue.m; path = "Libraries/asi-http-request/Classes/ASINetworkQueue.m"; sourceTree = "<group>"; };
		1B2D46E112B9778200745347 /* ASIProgressDelegate.h */ = {isa = PBXFileReference; fileEncoding = 4; lastKnownFileType = sourcecode.c.h; name = ASIProgressDelegate.h; path = "Libraries/asi-http-request/Classes/ASIProgressDelegate.h"; sourceTree = "<group>"; };
		1B2D46E612B9778200745347 /* ASINSXMLParserCompat.h */ = {isa = PBXFileReference; fileEncoding = 4; lastKnownFileType = sourcecode.c.h; path = ASINSXMLParserCompat.h; sourceTree = "<group>"; };
		1B2D46E712B9778200745347 /* ASIS3Bucket.h */ = {isa = PBXFileReference; fileEncoding = 4; lastKnownFileType = sourcecode.c.h; path = ASIS3Bucket.h; sourceTree = "<group>"; };
		1B2D46E812B9778200745347 /* ASIS3Bucket.m */ = {isa = PBXFileReference; fileEncoding = 4; lastKnownFileType = sourcecode.c.objc; path = ASIS3Bucket.m; sourceTree = "<group>"; };
		1B2D46E912B9778200745347 /* ASIS3BucketObject.h */ = {isa = PBXFileReference; fileEncoding = 4; lastKnownFileType = sourcecode.c.h; path = ASIS3BucketObject.h; sourceTree = "<group>"; };
		1B2D46EA12B9778200745347 /* ASIS3BucketObject.m */ = {isa = PBXFileReference; fileEncoding = 4; lastKnownFileType = sourcecode.c.objc; path = ASIS3BucketObject.m; sourceTree = "<group>"; };
		1B2D46EB12B9778200745347 /* ASIS3BucketRequest.h */ = {isa = PBXFileReference; fileEncoding = 4; lastKnownFileType = sourcecode.c.h; path = ASIS3BucketRequest.h; sourceTree = "<group>"; };
		1B2D46EC12B9778200745347 /* ASIS3BucketRequest.m */ = {isa = PBXFileReference; fileEncoding = 4; lastKnownFileType = sourcecode.c.objc; path = ASIS3BucketRequest.m; sourceTree = "<group>"; };
		1B2D46ED12B9778200745347 /* ASIS3ObjectRequest.h */ = {isa = PBXFileReference; fileEncoding = 4; lastKnownFileType = sourcecode.c.h; path = ASIS3ObjectRequest.h; sourceTree = "<group>"; };
		1B2D46EE12B9778200745347 /* ASIS3ObjectRequest.m */ = {isa = PBXFileReference; fileEncoding = 4; lastKnownFileType = sourcecode.c.objc; path = ASIS3ObjectRequest.m; sourceTree = "<group>"; };
		1B2D46EF12B9778200745347 /* ASIS3Request.h */ = {isa = PBXFileReference; fileEncoding = 4; lastKnownFileType = sourcecode.c.h; path = ASIS3Request.h; sourceTree = "<group>"; };
		1B2D46F012B9778200745347 /* ASIS3Request.m */ = {isa = PBXFileReference; fileEncoding = 4; lastKnownFileType = sourcecode.c.objc; path = ASIS3Request.m; sourceTree = "<group>"; };
		1B2D46F112B9778200745347 /* ASIS3ServiceRequest.h */ = {isa = PBXFileReference; fileEncoding = 4; lastKnownFileType = sourcecode.c.h; path = ASIS3ServiceRequest.h; sourceTree = "<group>"; };
		1B2D46F212B9778200745347 /* ASIS3ServiceRequest.m */ = {isa = PBXFileReference; fileEncoding = 4; lastKnownFileType = sourcecode.c.objc; path = ASIS3ServiceRequest.m; sourceTree = "<group>"; };
		1B2D470812B977A700745347 /* CFNetwork.framework */ = {isa = PBXFileReference; lastKnownFileType = wrapper.framework; name = CFNetwork.framework; path = System/Library/Frameworks/CFNetwork.framework; sourceTree = SDKROOT; };
		1B2D470C12B977B000745347 /* SystemConfiguration.framework */ = {isa = PBXFileReference; lastKnownFileType = wrapper.framework; name = SystemConfiguration.framework; path = System/Library/Frameworks/SystemConfiguration.framework; sourceTree = SDKROOT; };
		1B2D471012B977B700745347 /* MobileCoreServices.framework */ = {isa = PBXFileReference; lastKnownFileType = wrapper.framework; name = MobileCoreServices.framework; path = System/Library/Frameworks/MobileCoreServices.framework; sourceTree = SDKROOT; };
		1B2D471412B977D100745347 /* libz.1.2.3.dylib */ = {isa = PBXFileReference; lastKnownFileType = "compiled.mach-o.dylib"; name = libz.1.2.3.dylib; path = usr/lib/libz.1.2.3.dylib; sourceTree = SDKROOT; };
		1B2D481F12B9D10400745347 /* iYAPC_Constants.h */ = {isa = PBXFileReference; fileEncoding = 4; lastKnownFileType = sourcecode.c.h; path = iYAPC_Constants.h; sourceTree = "<group>"; };
		1B2D483612BA703100745347 /* TestEvents.xml */ = {isa = PBXFileReference; fileEncoding = 4; lastKnownFileType = text.xml; path = TestEvents.xml; sourceTree = "<group>"; };
		1B6E171612BFC51400C44A42 /* Reachability.h */ = {isa = PBXFileReference; fileEncoding = 4; lastKnownFileType = sourcecode.c.h; name = Reachability.h; path = "Libraries/asi-http-request/External/Reachability/Reachability.h"; sourceTree = "<group>"; };
		1B6E171712BFC51400C44A42 /* Reachability.m */ = {isa = PBXFileReference; fileEncoding = 4; lastKnownFileType = sourcecode.c.objc; name = Reachability.m; path = "Libraries/asi-http-request/External/Reachability/Reachability.m"; sourceTree = "<group>"; };
		1B6E186B12C0730D00C44A42 /* UserManager.h */ = {isa = PBXFileReference; fileEncoding = 4; lastKnownFileType = sourcecode.c.h; path = UserManager.h; sourceTree = "<group>"; };
		1B6E186C12C0730D00C44A42 /* UserManager.m */ = {isa = PBXFileReference; fileEncoding = 4; lastKnownFileType = sourcecode.c.objc; path = UserManager.m; sourceTree = "<group>"; };
		1B6E188612C3D44B00C44A42 /* libxml2.2.dylib */ = {isa = PBXFileReference; lastKnownFileType = "compiled.mach-o.dylib"; name = libxml2.2.dylib; path = usr/lib/libxml2.2.dylib; sourceTree = SDKROOT; };
		1B7999AC12E9E8E5000813BA /* TPFLogo.png */ = {isa = PBXFileReference; lastKnownFileType = image.png; path = TPFLogo.png; sourceTree = "<group>"; };
		1B7999AD12E9E8E5000813BA /* TPFLogo@2x.png */ = {isa = PBXFileReference; lastKnownFileType = image.png; path = "TPFLogo@2x.png"; sourceTree = "<group>"; };
		1B7999CB12E9EEAB000813BA /* Entitlements.plist */ = {isa = PBXFileReference; fileEncoding = 4; lastKnownFileType = text.plist.xml; path = Entitlements.plist; sourceTree = "<group>"; };
		1BB16B9612FA74A400123D6A /* TrackSessionsViewController.h */ = {isa = PBXFileReference; fileEncoding = 4; lastKnownFileType = sourcecode.c.h; path = TrackSessionsViewController.h; sourceTree = "<group>"; };
		1BB16B9712FA74A400123D6A /* TrackSessionsViewController.m */ = {isa = PBXFileReference; fileEncoding = 4; lastKnownFileType = sourcecode.c.objc; path = TrackSessionsViewController.m; sourceTree = "<group>"; };
		1BB16C3412FCEAB300123D6A /* SessionSummaryHeaderView.h */ = {isa = PBXFileReference; fileEncoding = 4; lastKnownFileType = sourcecode.c.h; path = SessionSummaryHeaderView.h; sourceTree = "<group>"; };
		1BB16C3512FCEAB300123D6A /* SessionSummaryHeaderView.m */ = {isa = PBXFileReference; fileEncoding = 4; lastKnownFileType = sourcecode.c.objc; path = SessionSummaryHeaderView.m; sourceTree = "<group>"; };
		1BD985C912E3A0EA001C2BB0 /* PublicDataManager.h */ = {isa = PBXFileReference; fileEncoding = 4; lastKnownFileType = sourcecode.c.h; path = PublicDataManager.h; sourceTree = "<group>"; };
		1BD985CA12E3A0EA001C2BB0 /* PublicDataManager.m */ = {isa = PBXFileReference; fileEncoding = 4; lastKnownFileType = sourcecode.c.objc; path = PublicDataManager.m; sourceTree = "<group>"; };
		1BD988F912E694E8001C2BB0 /* SessionDayViewController.h */ = {isa = PBXFileReference; fileEncoding = 4; lastKnownFileType = sourcecode.c.h; path = SessionDayViewController.h; sourceTree = "<group>"; };
		1BD988FA12E694E8001C2BB0 /* SessionDayViewController.m */ = {isa = PBXFileReference; fileEncoding = 4; lastKnownFileType = sourcecode.c.objc; path = SessionDayViewController.m; sourceTree = "<group>"; };
		1BD9897812E6ACFF001C2BB0 /* SessionSummaryTableViewCell.h */ = {isa = PBXFileReference; fileEncoding = 4; lastKnownFileType = sourcecode.c.h; path = SessionSummaryTableViewCell.h; sourceTree = "<group>"; };
		1BD9897912E6ACFF001C2BB0 /* SessionSummaryTableViewCell.m */ = {isa = PBXFileReference; fileEncoding = 4; lastKnownFileType = sourcecode.c.objc; path = SessionSummaryTableViewCell.m; sourceTree = "<group>"; };
		1BD9897B12E6B293001C2BB0 /* SessionSummaryTableViewCell.xib */ = {isa = PBXFileReference; lastKnownFileType = file.xib; path = SessionSummaryTableViewCell.xib; sourceTree = "<group>"; };
		1BD98A4912E6C40B001C2BB0 /* SessionDetailViewController.h */ = {isa = PBXFileReference; fileEncoding = 4; lastKnownFileType = sourcecode.c.h; path = SessionDetailViewController.h; sourceTree = "<group>"; };
		1BD98A4A12E6C40B001C2BB0 /* SessionDetailViewController.m */ = {isa = PBXFileReference; fileEncoding = 4; lastKnownFileType = sourcecode.c.objc; path = SessionDetailViewController.m; sourceTree = "<group>"; };
		1BD98B7712E8A349001C2BB0 /* PersonModel.h */ = {isa = PBXFileReference; fileEncoding = 4; lastKnownFileType = sourcecode.c.h; path = PersonModel.h; sourceTree = "<group>"; };
		1BD98B7812E8A349001C2BB0 /* PersonModel.m */ = {isa = PBXFileReference; fileEncoding = 4; lastKnownFileType = sourcecode.c.objc; path = PersonModel.m; sourceTree = "<group>"; };
		1BD98B7B12E8A349001C2BB0 /* AttendeeModel.h */ = {isa = PBXFileReference; fileEncoding = 4; lastKnownFileType = sourcecode.c.h; path = AttendeeModel.h; sourceTree = "<group>"; };
		1BD98B7C12E8A349001C2BB0 /* AttendeeModel.m */ = {isa = PBXFileReference; fileEncoding = 4; lastKnownFileType = sourcecode.c.objc; path = AttendeeModel.m; sourceTree = "<group>"; };
		1BD98B7D12E8A349001C2BB0 /* VenueModel.h */ = {isa = PBXFileReference; fileEncoding = 4; lastKnownFileType = sourcecode.c.h; path = VenueModel.h; sourceTree = "<group>"; };
		1BD98B7E12E8A349001C2BB0 /* VenueModel.m */ = {isa = PBXFileReference; fileEncoding = 4; lastKnownFileType = sourcecode.c.objc; path = VenueModel.m; sourceTree = "<group>"; };
		1BD98B8112E8A349001C2BB0 /* EventModel.h */ = {isa = PBXFileReference; fileEncoding = 4; lastKnownFileType = sourcecode.c.h; path = EventModel.h; sourceTree = "<group>"; };
		1BD98B8212E8A349001C2BB0 /* EventModel.m */ = {isa = PBXFileReference; fileEncoding = 4; lastKnownFileType = sourcecode.c.objc; path = EventModel.m; sourceTree = "<group>"; };
		1BD98B8312E8A349001C2BB0 /* LocationModel.h */ = {isa = PBXFileReference; fileEncoding = 4; lastKnownFileType = sourcecode.c.h; path = LocationModel.h; sourceTree = "<group>"; };
		1BD98B8412E8A349001C2BB0 /* LocationModel.m */ = {isa = PBXFileReference; fileEncoding = 4; lastKnownFileType = sourcecode.c.objc; path = LocationModel.m; sourceTree = "<group>"; };
		1BD98B8512E8A349001C2BB0 /* PresenterModel.h */ = {isa = PBXFileReference; fileEncoding = 4; lastKnownFileType = sourcecode.c.h; path = PresenterModel.h; sourceTree = "<group>"; };
		1BD98B8612E8A349001C2BB0 /* PresenterModel.m */ = {isa = PBXFileReference; fileEncoding = 4; lastKnownFileType = sourcecode.c.objc; path = PresenterModel.m; sourceTree = "<group>"; };
		1BD98B8712E8A349001C2BB0 /* DayModel.h */ = {isa = PBXFileReference; fileEncoding = 4; lastKnownFileType = sourcecode.c.h; path = DayModel.h; sourceTree = "<group>"; };
		1BD98B8812E8A349001C2BB0 /* DayModel.m */ = {isa = PBXFileReference; fileEncoding = 4; lastKnownFileType = sourcecode.c.objc; path = DayModel.m; sourceTree = "<group>"; };
		1BD98B9812E91D3D001C2BB0 /* SessionModel.h */ = {isa = PBXFileReference; fileEncoding = 4; lastKnownFileType = sourcecode.c.h; path = SessionModel.h; sourceTree = "<group>"; };
		1BD98B9912E91D3D001C2BB0 /* SessionModel.m */ = {isa = PBXFileReference; fileEncoding = 4; lastKnownFileType = sourcecode.c.objc; path = SessionModel.m; sourceTree = "<group>"; };
		1BFAC45E12F8839A00D02141 /* TrackModel.h */ = {isa = PBXFileReference; fileEncoding = 4; lastKnownFileType = sourcecode.c.h; path = TrackModel.h; sourceTree = "<group>"; };
		1BFAC45F12F8839A00D02141 /* TrackModel.m */ = {isa = PBXFileReference; fileEncoding = 4; lastKnownFileType = sourcecode.c.objc; path = TrackModel.m; sourceTree = "<group>"; };
		1BFAC46D12FA14DE00D02141 /* TracksListViewController.h */ = {isa = PBXFileReference; fileEncoding = 4; lastKnownFileType = sourcecode.c.h; path = TracksListViewController.h; sourceTree = "<group>"; };
		1BFAC46E12FA14DE00D02141 /* TracksListViewController.m */ = {isa = PBXFileReference; fileEncoding = 4; lastKnownFileType = sourcecode.c.objc; path = TracksListViewController.m; sourceTree = "<group>"; };
		1BFAC47012FA631900D02141 /* iYFetchedResultTableViewController.h */ = {isa = PBXFileReference; fileEncoding = 4; lastKnownFileType = sourcecode.c.h; path = iYFetchedResultTableViewController.h; sourceTree = "<group>"; };
		1BFAC47112FA631900D02141 /* iYFetchedResultTableViewController.m */ = {isa = PBXFileReference; fileEncoding = 4; lastKnownFileType = sourcecode.c.objc; path = iYFetchedResultTableViewController.m; sourceTree = "<group>"; };
		1D30AB110D05D00D00671497 /* Foundation.framework */ = {isa = PBXFileReference; lastKnownFileType = wrapper.framework; name = Foundation.framework; path = System/Library/Frameworks/Foundation.framework; sourceTree = SDKROOT; };
		1D3623240D0F684500981E51 /* iYAPCAppDelegate.h */ = {isa = PBXFileReference; fileEncoding = 4; lastKnownFileType = sourcecode.c.h; path = iYAPCAppDelegate.h; sourceTree = "<group>"; };
		1D3623250D0F684500981E51 /* iYAPCAppDelegate.m */ = {isa = PBXFileReference; fileEncoding = 4; lastKnownFileType = sourcecode.c.objc; path = iYAPCAppDelegate.m; sourceTree = "<group>"; };
		1D6058910D05DD3D006BFB54 /* iYAPC.app */ = {isa = PBXFileReference; explicitFileType = wrapper.application; includeInIndex = 0; path = iYAPC.app; sourceTree = BUILT_PRODUCTS_DIR; };
		1DF5F4DF0D08C38300B7A737 /* UIKit.framework */ = {isa = PBXFileReference; lastKnownFileType = wrapper.framework; name = UIKit.framework; path = System/Library/Frameworks/UIKit.framework; sourceTree = SDKROOT; };
		28860B760F44E54D00985440 /* iYAPC.xcdatamodel */ = {isa = PBXFileReference; fileEncoding = 4; lastKnownFileType = wrapper.xcdatamodel; path = iYAPC.xcdatamodel; sourceTree = "<group>"; };
		28860BE40F44EE6400985440 /* CoreData.framework */ = {isa = PBXFileReference; lastKnownFileType = wrapper.framework; name = CoreData.framework; path = System/Library/Frameworks/CoreData.framework; sourceTree = SDKROOT; };
		2892E40F0DC94CBA00A64D0F /* CoreGraphics.framework */ = {isa = PBXFileReference; lastKnownFileType = wrapper.framework; name = CoreGraphics.framework; path = System/Library/Frameworks/CoreGraphics.framework; sourceTree = SDKROOT; };
		2899E55F0DE3E45000AC0155 /* RootEventViewController.xib */ = {isa = PBXFileReference; lastKnownFileType = file.xib; path = RootEventViewController.xib; sourceTree = "<group>"; };
		28A0AAE50D9B0CCF005BE974 /* iYAPC_Prefix.pch */ = {isa = PBXFileReference; fileEncoding = 4; lastKnownFileType = sourcecode.c.h; path = iYAPC_Prefix.pch; sourceTree = "<group>"; };
		28AD735F0D9D9599002E5188 /* MainWindow.xib */ = {isa = PBXFileReference; lastKnownFileType = file.xib; path = MainWindow.xib; sourceTree = "<group>"; };
		28C286DF0D94DF7D0034E888 /* RootEventViewController.h */ = {isa = PBXFileReference; fileEncoding = 4; lastKnownFileType = sourcecode.c.h; path = RootEventViewController.h; sourceTree = "<group>"; };
		28C286E00D94DF7D0034E888 /* RootEventViewController.m */ = {isa = PBXFileReference; fileEncoding = 4; lastKnownFileType = sourcecode.c.objc; path = RootEventViewController.m; sourceTree = "<group>"; };
		29B97316FDCFA39411CA2CEA /* main.m */ = {isa = PBXFileReference; fileEncoding = 4; lastKnownFileType = sourcecode.c.objc; path = main.m; sourceTree = "<group>"; };
		8D1107310486CEB800E47090 /* iYAPC-Info.plist */ = {isa = PBXFileReference; fileEncoding = 4; lastKnownFileType = text.plist.xml; path = "iYAPC-Info.plist"; plistStructureDefinitionIdentifier = "com.apple.xcode.plist.structure-definition.iphone.info-plist"; sourceTree = "<group>"; };
/* End PBXFileReference section */

/* Begin PBXFrameworksBuildPhase section */
		1D60588F0D05DD3D006BFB54 /* Frameworks */ = {
			isa = PBXFrameworksBuildPhase;
			buildActionMask = 2147483647;
			files = (
				1D60589F0D05DD5A006BFB54 /* Foundation.framework in Frameworks */,
				1DF5F4E00D08C38300B7A737 /* UIKit.framework in Frameworks */,
				2892E4100DC94CBA00A64D0F /* CoreGraphics.framework in Frameworks */,
				28860BE50F44EE6400985440 /* CoreData.framework in Frameworks */,
				1B2D470912B977A700745347 /* CFNetwork.framework in Frameworks */,
				1B2D470D12B977B000745347 /* SystemConfiguration.framework in Frameworks */,
				1B2D471112B977B700745347 /* MobileCoreServices.framework in Frameworks */,
				1B2D471512B977D100745347 /* libz.1.2.3.dylib in Frameworks */,
				1B6E195512C3F75C00C44A42 /* libxml2.2.dylib in Frameworks */,
				1B180A7012ED00A000FDA433 /* libDNAdditions.a in Frameworks */,
			);
			runOnlyForDeploymentPostprocessing = 0;
		};
/* End PBXFrameworksBuildPhase section */

/* Begin PBXGroup section */
		080E96DDFE201D6D7F000001 /* Classes */ = {
			isa = PBXGroup;
			children = (
				1BD9897412E6ABC9001C2BB0 /* Table Cells */,
				1BD988F812E6948E001C2BB0 /* View Controllers */,
				1B2D481B12B9CF4200745347 /* Utilities */,
				1B2D46C312B974A100745347 /* Network Interface */,
				1D3623240D0F684500981E51 /* iYAPCAppDelegate.h */,
				1D3623250D0F684500981E51 /* iYAPCAppDelegate.m */,
			);
			path = Classes;
			sourceTree = "<group>";
		};
		19C28FACFE9D520D11CA2CBB /* Products */ = {
			isa = PBXGroup;
			children = (
				1D6058910D05DD3D006BFB54 /* iYAPC.app */,
			);
			name = Products;
			sourceTree = "<group>";
		};
		1B180A6B12ED00A000FDA433 /* DNAdditions */ = {
			isa = PBXGroup;
			children = (
				1B180A6C12ED00A000FDA433 /* Headers */,
				1B180A6F12ED00A000FDA433 /* libDNAdditions.a */,
			);
			name = DNAdditions;
			path = Libraries/DNAdditions;
			sourceTree = "<group>";
		};
		1B180A6C12ED00A000FDA433 /* Headers */ = {
			isa = PBXGroup;
			children = (
				1B180A6D12ED00A000FDA433 /* DNFetchedRequestManager.h */,
				1B180A6E12ED00A000FDA433 /* DNManagedObjectXMLSync.h */,
			);
			path = Headers;
			sourceTree = "<group>";
		};
		1B2D45DB12B53D1100745347 /* Images */ = {
			isa = PBXGroup;
			children = (
				1B7999AC12E9E8E5000813BA /* TPFLogo.png */,
				1B7999AD12E9E8E5000813BA /* TPFLogo@2x.png */,
				1B2D45DC12B53D1100745347 /* iYAPCBackground.png */,
				1B2D45DD12B53D1100745347 /* iYAPCBackground@2x.png */,
			);
			name = Images;
			path = Resources/Images;
			sourceTree = "<group>";
		};
		1B2D46C312B974A100745347 /* Network Interface */ = {
			isa = PBXGroup;
			children = (
				1B2D482F12BA6F0700745347 /* Parsers */,
				1B6E186B12C0730D00C44A42 /* UserManager.h */,
				1B6E186C12C0730D00C44A42 /* UserManager.m */,
				1BD985C912E3A0EA001C2BB0 /* PublicDataManager.h */,
				1BD985CA12E3A0EA001C2BB0 /* PublicDataManager.m */,
			);
			name = "Network Interface";
			sourceTree = "<group>";
		};
		1B2D46C812B9773900745347 /* Libraries */ = {
			isa = PBXGroup;
			children = (
				1B180A6B12ED00A000FDA433 /* DNAdditions */,
				1B6E171912BFC51700C44A42 /* Reachability */,
				1B2D470212B9778700745347 /* asi-http-request */,
			);
			name = Libraries;
			sourceTree = "<group>";
		};
		1B2D46E512B9778200745347 /* S3 */ = {
			isa = PBXGroup;
			children = (
				1B2D46E612B9778200745347 /* ASINSXMLParserCompat.h */,
				1B2D46E712B9778200745347 /* ASIS3Bucket.h */,
				1B2D46E812B9778200745347 /* ASIS3Bucket.m */,
				1B2D46E912B9778200745347 /* ASIS3BucketObject.h */,
				1B2D46EA12B9778200745347 /* ASIS3BucketObject.m */,
				1B2D46EB12B9778200745347 /* ASIS3BucketRequest.h */,
				1B2D46EC12B9778200745347 /* ASIS3BucketRequest.m */,
				1B2D46ED12B9778200745347 /* ASIS3ObjectRequest.h */,
				1B2D46EE12B9778200745347 /* ASIS3ObjectRequest.m */,
				1B2D46EF12B9778200745347 /* ASIS3Request.h */,
				1B2D46F012B9778200745347 /* ASIS3Request.m */,
				1B2D46F112B9778200745347 /* ASIS3ServiceRequest.h */,
				1B2D46F212B9778200745347 /* ASIS3ServiceRequest.m */,
			);
			name = S3;
			path = "Libraries/asi-http-request/Classes/S3";
			sourceTree = "<group>";
		};
		1B2D470212B9778700745347 /* asi-http-request */ = {
			isa = PBXGroup;
			children = (
				1B2D46CE12B9778200745347 /* ASIAuthenticationDialog.h */,
				1B2D46CF12B9778200745347 /* ASIAuthenticationDialog.m */,
				1B2D46D012B9778200745347 /* ASICacheDelegate.h */,
				1B2D46D112B9778200745347 /* ASIDataCompressor.h */,
				1B2D46D212B9778200745347 /* ASIDataCompressor.m */,
				1B2D46D312B9778200745347 /* ASIDataDecompressor.h */,
				1B2D46D412B9778200745347 /* ASIDataDecompressor.m */,
				1B2D46D512B9778200745347 /* ASIDownloadCache.h */,
				1B2D46D612B9778200745347 /* ASIDownloadCache.m */,
				1B2D46D712B9778200745347 /* ASIFormDataRequest.h */,
				1B2D46D812B9778200745347 /* ASIFormDataRequest.m */,
				1B2D46D912B9778200745347 /* ASIHTTPRequest.h */,
				1B2D46DA12B9778200745347 /* ASIHTTPRequest.m */,
				1B2D46DB12B9778200745347 /* ASIHTTPRequestConfig.h */,
				1B2D46DC12B9778200745347 /* ASIHTTPRequestDelegate.h */,
				1B2D46DD12B9778200745347 /* ASIInputStream.h */,
				1B2D46DE12B9778200745347 /* ASIInputStream.m */,
				1B2D46DF12B9778200745347 /* ASINetworkQueue.h */,
				1B2D46E012B9778200745347 /* ASINetworkQueue.m */,
				1B2D46E112B9778200745347 /* ASIProgressDelegate.h */,
				1B2D46E512B9778200745347 /* S3 */,
			);
			name = "asi-http-request";
			sourceTree = "<group>";
		};
		1B2D481B12B9CF4200745347 /* Utilities */ = {
			isa = PBXGroup;
			children = (
				1BFAC47012FA631900D02141 /* iYFetchedResultTableViewController.h */,
				1BFAC47112FA631900D02141 /* iYFetchedResultTableViewController.m */,
			);
			name = Utilities;
			sourceTree = "<group>";
		};
		1B2D482F12BA6F0700745347 /* Parsers */ = {
			isa = PBXGroup;
			children = (
			);
			name = Parsers;
			sourceTree = "<group>";
		};
		1B2D483512BA701A00745347 /* Test XML */ = {
			isa = PBXGroup;
			children = (
				1B2D483612BA703100745347 /* TestEvents.xml */,
			);
			name = "Test XML";
			sourceTree = "<group>";
		};
		1B6E171912BFC51700C44A42 /* Reachability */ = {
			isa = PBXGroup;
			children = (
				1B6E171612BFC51400C44A42 /* Reachability.h */,
				1B6E171712BFC51400C44A42 /* Reachability.m */,
			);
			name = Reachability;
			sourceTree = "<group>";
		};
		1BB16C3312FCEA7F00123D6A /* Views */ = {
			isa = PBXGroup;
			children = (
				1BB16C3412FCEAB300123D6A /* SessionSummaryHeaderView.h */,
				1BB16C3512FCEAB300123D6A /* SessionSummaryHeaderView.m */,
			);
			name = Views;
			sourceTree = "<group>";
		};
		1BD988F812E6948E001C2BB0 /* View Controllers */ = {
			isa = PBXGroup;
			children = (
				1BFAC46B12FA14C700D02141 /* Tracks list view controller */,
				1BD98B4412E89C34001C2BB0 /* Root event view controller */,
				1BD98B4512E89C4A001C2BB0 /* Main menu view controller */,
				1BD98B4612E89C5A001C2BB0 /* Session tabs view controller */,
				1BD98B4712E89C67001C2BB0 /* Session day view controller */,
				1BD98B4812E89C76001C2BB0 /* Session detail view controller */,
			);
			name = "View Controllers";
			sourceTree = "<group>";
		};
		1BD9897412E6ABC9001C2BB0 /* Table Cells */ = {
			isa = PBXGroup;
			children = (
				1BD9897812E6ACFF001C2BB0 /* SessionSummaryTableViewCell.h */,
				1BD9897912E6ACFF001C2BB0 /* SessionSummaryTableViewCell.m */,
			);
			name = "Table Cells";
			sourceTree = "<group>";
		};
		1BD98B4412E89C34001C2BB0 /* Root event view controller */ = {
			isa = PBXGroup;
			children = (
				28C286DF0D94DF7D0034E888 /* RootEventViewController.h */,
				28C286E00D94DF7D0034E888 /* RootEventViewController.m */,
			);
			name = "Root event view controller";
			sourceTree = "<group>";
		};
		1BD98B4512E89C4A001C2BB0 /* Main menu view controller */ = {
			isa = PBXGroup;
			children = (
				1B2D45BB12B4819900745347 /* MainMenuViewController.h */,
				1B2D45BC12B4819900745347 /* MainMenuViewController.m */,
				1B2D45BD12B4819900745347 /* MainMenuViewController.xib */,
			);
			name = "Main menu view controller";
			sourceTree = "<group>";
		};
		1BD98B4612E89C5A001C2BB0 /* Session tabs view controller */ = {
			isa = PBXGroup;
			children = (
				1B2D45E012B53E1B00745347 /* SessionTabViewController.h */,
				1B2D45E112B53E1B00745347 /* SessionTabViewController.m */,
			);
			name = "Session tabs view controller";
			sourceTree = "<group>";
		};
		1BD98B4712E89C67001C2BB0 /* Session day view controller */ = {
			isa = PBXGroup;
			children = (
				1BD988F912E694E8001C2BB0 /* SessionDayViewController.h */,
				1BD988FA12E694E8001C2BB0 /* SessionDayViewController.m */,
			);
			name = "Session day view controller";
			sourceTree = "<group>";
		};
		1BD98B4812E89C76001C2BB0 /* Session detail view controller */ = {
			isa = PBXGroup;
			children = (
				1BB16C3312FCEA7F00123D6A /* Views */,
				1BD98A4912E6C40B001C2BB0 /* SessionDetailViewController.h */,
				1BD98A4A12E6C40B001C2BB0 /* SessionDetailViewController.m */,
			);
			name = "Session detail view controller";
			sourceTree = "<group>";
		};
		1BFAC46B12FA14C700D02141 /* Tracks list view controller */ = {
			isa = PBXGroup;
			children = (
				1BFAC46D12FA14DE00D02141 /* TracksListViewController.h */,
				1BFAC46E12FA14DE00D02141 /* TracksListViewController.m */,
				1BB16B9612FA74A400123D6A /* TrackSessionsViewController.h */,
				1BB16B9712FA74A400123D6A /* TrackSessionsViewController.m */,
			);
			name = "Tracks list view controller";
			sourceTree = "<group>";
		};
		29B97314FDCFA39411CA2CEA /* CustomTemplate */ = {
			isa = PBXGroup;
			children = (
				080E96DDFE201D6D7F000001 /* Classes */,
				1B2D46C812B9773900745347 /* Libraries */,
				29B97315FDCFA39411CA2CEA /* Other Sources */,
				29B97317FDCFA39411CA2CEA /* Resources */,
				29B97323FDCFA39411CA2CEA /* Frameworks */,
				19C28FACFE9D520D11CA2CBB /* Products */,
				1BD9897B12E6B293001C2BB0 /* SessionSummaryTableViewCell.xib */,
			);
			name = CustomTemplate;
			sourceTree = "<group>";
		};
		29B97315FDCFA39411CA2CEA /* Other Sources */ = {
			isa = PBXGroup;
			children = (
				1B2D46C412B9750100745347 /* SynthesizeSingleton.h */,
				28A0AAE50D9B0CCF005BE974 /* iYAPC_Prefix.pch */,
				1B2D481F12B9D10400745347 /* iYAPC_Constants.h */,
				29B97316FDCFA39411CA2CEA /* main.m */,
				1B7999CB12E9EEAB000813BA /* Entitlements.plist */,
			);
			name = "Other Sources";
			sourceTree = "<group>";
		};
		29B97317FDCFA39411CA2CEA /* Resources */ = {
			isa = PBXGroup;
			children = (
				1B2D483512BA701A00745347 /* Test XML */,
				1B2D45DB12B53D1100745347 /* Images */,
				28D3F201112F7DC200FD0661 /* iYAPC.xcdatamodeld */,
				2899E55F0DE3E45000AC0155 /* RootEventViewController.xib */,
				28AD735F0D9D9599002E5188 /* MainWindow.xib */,
				8D1107310486CEB800E47090 /* iYAPC-Info.plist */,
			);
			name = Resources;
			sourceTree = "<group>";
		};
		29B97323FDCFA39411CA2CEA /* Frameworks */ = {
			isa = PBXGroup;
			children = (
				1DF5F4DF0D08C38300B7A737 /* UIKit.framework */,
				1D30AB110D05D00D00671497 /* Foundation.framework */,
				2892E40F0DC94CBA00A64D0F /* CoreGraphics.framework */,
				28860BE40F44EE6400985440 /* CoreData.framework */,
				1B2D470812B977A700745347 /* CFNetwork.framework */,
				1B2D470C12B977B000745347 /* SystemConfiguration.framework */,
				1B2D471012B977B700745347 /* MobileCoreServices.framework */,
				1B2D471412B977D100745347 /* libz.1.2.3.dylib */,
				1B6E188612C3D44B00C44A42 /* libxml2.2.dylib */,
			);
			name = Frameworks;
			sourceTree = "<group>";
		};
/* End PBXGroup section */

/* Begin PBXNativeTarget section */
		1D6058900D05DD3D006BFB54 /* iYAPC */ = {
			isa = PBXNativeTarget;
			buildConfigurationList = 1D6058960D05DD3E006BFB54 /* Build configuration list for PBXNativeTarget "iYAPC" */;
			buildPhases = (
				1D60588D0D05DD3D006BFB54 /* Resources */,
				1D60588E0D05DD3D006BFB54 /* Sources */,
				1D60588F0D05DD3D006BFB54 /* Frameworks */,
			);
			buildRules = (
			);
			dependencies = (
			);
			name = iYAPC;
			productName = iYAPC;
			productReference = 1D6058910D05DD3D006BFB54 /* iYAPC.app */;
			productType = "com.apple.product-type.application";
		};
/* End PBXNativeTarget section */

/* Begin PBXProject section */
		29B97313FDCFA39411CA2CEA /* Project object */ = {
			isa = PBXProject;
			buildConfigurationList = C01FCF4E08A954540054247B /* Build configuration list for PBXProject "iYAPC" */;
			compatibilityVersion = "Xcode 3.1";
			developmentRegion = English;
			hasScannedForEncodings = 1;
			knownRegions = (
				English,
				Japanese,
				French,
				German,
				en,
			);
			mainGroup = 29B97314FDCFA39411CA2CEA /* CustomTemplate */;
			projectDirPath = "";
			projectRoot = "";
			targets = (
				1D6058900D05DD3D006BFB54 /* iYAPC */,
			);
		};
/* End PBXProject section */

/* Begin PBXResourcesBuildPhase section */
		1D60588D0D05DD3D006BFB54 /* Resources */ = {
			isa = PBXResourcesBuildPhase;
			buildActionMask = 2147483647;
			files = (
				28AD73600D9D9599002E5188 /* MainWindow.xib in Resources */,
				2899E5600DE3E45000AC0155 /* RootEventViewController.xib in Resources */,
				1B2D45BF12B4819900745347 /* MainMenuViewController.xib in Resources */,
				1B2D45DE12B53D1100745347 /* iYAPCBackground.png in Resources */,
				1B2D45DF12B53D1100745347 /* iYAPCBackground@2x.png in Resources */,
				1B2D483712BA703100745347 /* TestEvents.xml in Resources */,
				1BD9897C12E6B293001C2BB0 /* SessionSummaryTableViewCell.xib in Resources */,
				1B7999AE12E9E8E5000813BA /* TPFLogo.png in Resources */,
				1B7999AF12E9E8E5000813BA /* TPFLogo@2x.png in Resources */,
			);
			runOnlyForDeploymentPostprocessing = 0;
		};
/* End PBXResourcesBuildPhase section */

/* Begin PBXSourcesBuildPhase section */
		1D60588E0D05DD3D006BFB54 /* Sources */ = {
			isa = PBXSourcesBuildPhase;
			buildActionMask = 2147483647;
			files = (
				1D60589B0D05DD56006BFB54 /* main.m in Sources */,
				1D3623260D0F684500981E51 /* iYAPCAppDelegate.m in Sources */,
				28C286E10D94DF7D0034E888 /* RootEventViewController.m in Sources */,
				28D3F202112F7DC200FD0661 /* iYAPC.xcdatamodeld in Sources */,
				1B2D45BE12B4819900745347 /* MainMenuViewController.m in Sources */,
				1B2D45E312B53E1B00745347 /* SessionTabViewController.m in Sources */,
				1B2D46F312B9778200745347 /* ASIAuthenticationDialog.m in Sources */,
				1B2D46F412B9778200745347 /* ASIDataCompressor.m in Sources */,
				1B2D46F512B9778200745347 /* ASIDataDecompressor.m in Sources */,
				1B2D46F612B9778200745347 /* ASIDownloadCache.m in Sources */,
				1B2D46F712B9778200745347 /* ASIFormDataRequest.m in Sources */,
				1B2D46F812B9778200745347 /* ASIHTTPRequest.m in Sources */,
				1B2D46F912B9778200745347 /* ASIInputStream.m in Sources */,
				1B2D46FA12B9778200745347 /* ASINetworkQueue.m in Sources */,
				1B2D46FC12B9778200745347 /* ASIS3Bucket.m in Sources */,
				1B2D46FD12B9778200745347 /* ASIS3BucketObject.m in Sources */,
				1B2D46FE12B9778200745347 /* ASIS3BucketRequest.m in Sources */,
				1B2D46FF12B9778200745347 /* ASIS3ObjectRequest.m in Sources */,
				1B2D470012B9778200745347 /* ASIS3Request.m in Sources */,
				1B2D470112B9778200745347 /* ASIS3ServiceRequest.m in Sources */,
				1B6E171812BFC51400C44A42 /* Reachability.m in Sources */,
				1B6E186D12C0730D00C44A42 /* UserManager.m in Sources */,
				1BD985CB12E3A0EA001C2BB0 /* PublicDataManager.m in Sources */,
				1BD988FB12E694E8001C2BB0 /* SessionDayViewController.m in Sources */,
				1BD9897A12E6ACFF001C2BB0 /* SessionSummaryTableViewCell.m in Sources */,
				1BD98A4B12E6C40B001C2BB0 /* SessionDetailViewController.m in Sources */,
				1BD98B8912E8A349001C2BB0 /* PersonModel.m in Sources */,
				1BD98B8B12E8A349001C2BB0 /* AttendeeModel.m in Sources */,
				1BD98B8C12E8A349001C2BB0 /* VenueModel.m in Sources */,
				1BD98B8E12E8A349001C2BB0 /* EventModel.m in Sources */,
				1BD98B8F12E8A349001C2BB0 /* LocationModel.m in Sources */,
				1BD98B9012E8A349001C2BB0 /* PresenterModel.m in Sources */,
				1BD98B9112E8A349001C2BB0 /* DayModel.m in Sources */,
				1BD98B9A12E91D3D001C2BB0 /* SessionModel.m in Sources */,
				1BFAC46012F8839A00D02141 /* TrackModel.m in Sources */,
				1BFAC46F12FA14DE00D02141 /* TracksListViewController.m in Sources */,
				1BFAC47212FA631900D02141 /* iYFetchedResultTableViewController.m in Sources */,
				1BB16B9812FA74A400123D6A /* TrackSessionsViewController.m in Sources */,
				1BB16C3612FCEAB300123D6A /* SessionSummaryHeaderView.m in Sources */,
			);
			runOnlyForDeploymentPostprocessing = 0;
		};
/* End PBXSourcesBuildPhase section */

/* Begin XCBuildConfiguration section */
		1B7999C912E9EE89000813BA /* Distribution */ = {
			isa = XCBuildConfiguration;
			buildSettings = {
				ARCHS = "$(ARCHS_STANDARD_32_BIT)";
				CODE_SIGN_ENTITLEMENTS = Entitlements.plist;
				"CODE_SIGN_IDENTITY[sdk=iphoneos*]" = "iPhone Distribution: Decaf Ninja Software";
				GCC_C_LANGUAGE_STANDARD = c99;
				GCC_WARN_ABOUT_RETURN_TYPE = YES;
				GCC_WARN_UNUSED_VARIABLE = YES;
				HEADER_SEARCH_PATHS = /usr/include/libxml2;
				IPHONEOS_DEPLOYMENT_TARGET = 3.1.3;
				OTHER_CFLAGS = "-DNS_BLOCK_ASSERTIONS=1";
				OTHER_LDFLAGS = "-ObjC";
				PREBINDING = NO;
				"PROVISIONING_PROFILE[sdk=iphoneos*]" = "286D4FBF-1DA7-4AEA-820F-12D9A66AFADD";
				SDKROOT = iphoneos;
				USER_HEADER_SEARCH_PATHS = ../DNAdditions/Headers;
			};
			name = Distribution;
		};
		1B7999CA12E9EE89000813BA /* Distribution */ = {
			isa = XCBuildConfiguration;
			buildSettings = {
				CODE_SIGN_ENTITLEMENTS = "~/Desktop/Projects/iYAPC/Entitlements.plist";
				COPY_PHASE_STRIP = YES;
				GCC_PRECOMPILE_PREFIX_HEADER = YES;
				GCC_PREFIX_HEADER = iYAPC_Prefix.pch;
				INFOPLIST_FILE = "iYAPC-Info.plist";
				LIBRARY_SEARCH_PATHS = (
					/usr/include/libxml2,
					"\"$(SRCROOT)/Debug-iphonesimulator\"",
					"\"$(SRCROOT)/Libraries/DNAdditions\"",
				);
				OTHER_LDFLAGS = "-ObjC";
				PRODUCT_NAME = iYAPC;
				VALIDATE_PRODUCT = YES;
			};
			name = Distribution;
		};
		1D6058940D05DD3E006BFB54 /* Debug */ = {
			isa = XCBuildConfiguration;
			buildSettings = {
				CODE_SIGN_ENTITLEMENTS = "~/Desktop/Projects/iYAPC/Entitlements.plist";
				COPY_PHASE_STRIP = NO;
				GCC_DYNAMIC_NO_PIC = NO;
				GCC_OPTIMIZATION_LEVEL = 0;
				GCC_PRECOMPILE_PREFIX_HEADER = YES;
				GCC_PREFIX_HEADER = iYAPC_Prefix.pch;
				INFOPLIST_FILE = "iYAPC-Info.plist";
				LIBRARY_SEARCH_PATHS = (
					/usr/include/libxml2,
					"\"$(SRCROOT)/Debug-iphonesimulator\"",
					"\"$(SRCROOT)/Libraries/DNAdditions\"",
				);
				OTHER_LDFLAGS = "-ObjC";
				PRODUCT_NAME = iYAPC;
			};
			name = Debug;
		};
		1D6058950D05DD3E006BFB54 /* Release */ = {
			isa = XCBuildConfiguration;
			buildSettings = {
				CODE_SIGN_ENTITLEMENTS = "~/Desktop/Projects/iYAPC/Entitlements.plist";
				COPY_PHASE_STRIP = YES;
				GCC_PRECOMPILE_PREFIX_HEADER = YES;
				GCC_PREFIX_HEADER = iYAPC_Prefix.pch;
				INFOPLIST_FILE = "iYAPC-Info.plist";
				LIBRARY_SEARCH_PATHS = (
					/usr/include/libxml2,
					"\"$(SRCROOT)/Debug-iphonesimulator\"",
					"\"$(SRCROOT)/Libraries/DNAdditions\"",
				);
				OTHER_LDFLAGS = "-ObjC";
				PRODUCT_NAME = iYAPC;
				VALIDATE_PRODUCT = YES;
			};
			name = Release;
		};
		C01FCF4F08A954540054247B /* Debug */ = {
			isa = XCBuildConfiguration;
			buildSettings = {
				ARCHS = "$(ARCHS_STANDARD_32_BIT)";
				"CODE_SIGN_IDENTITY[sdk=iphoneos*]" = "iPhone Developer";
				GCC_C_LANGUAGE_STANDARD = c99;
				GCC_WARN_ABOUT_RETURN_TYPE = YES;
				GCC_WARN_UNUSED_VARIABLE = YES;
				HEADER_SEARCH_PATHS = /usr/include/libxml2;
				IPHONEOS_DEPLOYMENT_TARGET = 3.1.3;
				OTHER_LDFLAGS = "-ObjC";
				PREBINDING = NO;
				SDKROOT = iphoneos;
				USER_HEADER_SEARCH_PATHS = ../DNAdditions/Headers;
			};
			name = Debug;
		};
		C01FCF5008A954540054247B /* Release */ = {
			isa = XCBuildConfiguration;
			buildSettings = {
				ARCHS = "$(ARCHS_STANDARD_32_BIT)";
				"CODE_SIGN_IDENTITY[sdk=iphoneos*]" = "iPhone Distribution: Decaf Ninja Software";
				GCC_C_LANGUAGE_STANDARD = c99;
				GCC_WARN_ABOUT_RETURN_TYPE = YES;
				GCC_WARN_UNUSED_VARIABLE = YES;
				HEADER_SEARCH_PATHS = /usr/include/libxml2;
				IPHONEOS_DEPLOYMENT_TARGET = 3.1.3;
				OTHER_CFLAGS = "-DNS_BLOCK_ASSERTIONS=1";
				OTHER_LDFLAGS = "-ObjC";
				PREBINDING = NO;
				"PROVISIONING_PROFILE[sdk=iphoneos*]" = "01311B97-0135-4DF3-BB39-CF1963AEE464";
				SDKROOT = iphoneos;
				USER_HEADER_SEARCH_PATHS = ../DNAdditions/Headers;
			};
			name = Release;
		};
/* End XCBuildConfiguration section */

/* Begin XCConfigurationList section */
		1D6058960D05DD3E006BFB54 /* Build configuration list for PBXNativeTarget "iYAPC" */ = {
			isa = XCConfigurationList;
			buildConfigurations = (
				1D6058940D05DD3E006BFB54 /* Debug */,
				1D6058950D05DD3E006BFB54 /* Release */,
				1B7999CA12E9EE89000813BA /* Distribution */,
			);
			defaultConfigurationIsVisible = 0;
			defaultConfigurationName = Release;
		};
		C01FCF4E08A954540054247B /* Build configuration list for PBXProject "iYAPC" */ = {
			isa = XCConfigurationList;
			buildConfigurations = (
				C01FCF4F08A954540054247B /* Debug */,
				C01FCF5008A954540054247B /* Release */,
				1B7999C912E9EE89000813BA /* Distribution */,
			);
			defaultConfigurationIsVisible = 0;
			defaultConfigurationName = Release;
		};
/* End XCConfigurationList section */

/* Begin XCVersionGroup section */
		28D3F201112F7DC200FD0661 /* iYAPC.xcdatamodeld */ = {
			isa = XCVersionGroup;
			children = (
				1BFAC45E12F8839A00D02141 /* TrackModel.h */,
				1BFAC45F12F8839A00D02141 /* TrackModel.m */,
				1BD98B9812E91D3D001C2BB0 /* SessionModel.h */,
				1BD98B9912E91D3D001C2BB0 /* SessionModel.m */,
				1BD98B7712E8A349001C2BB0 /* PersonModel.h */,
				1BD98B7812E8A349001C2BB0 /* PersonModel.m */,
				1BD98B7B12E8A349001C2BB0 /* AttendeeModel.h */,
				1BD98B7C12E8A349001C2BB0 /* AttendeeModel.m */,
				1BD98B7D12E8A349001C2BB0 /* VenueModel.h */,
				1BD98B7E12E8A349001C2BB0 /* VenueModel.m */,
				1BD98B8112E8A349001C2BB0 /* EventModel.h */,
				1BD98B8212E8A349001C2BB0 /* EventModel.m */,
				1BD98B8312E8A349001C2BB0 /* LocationModel.h */,
				1BD98B8412E8A349001C2BB0 /* LocationModel.m */,
				1BD98B8512E8A349001C2BB0 /* PresenterModel.h */,
				1BD98B8612E8A349001C2BB0 /* PresenterModel.m */,
				1BD98B8712E8A349001C2BB0 /* DayModel.h */,
				1BD98B8812E8A349001C2BB0 /* DayModel.m */,
				28860B760F44E54D00985440 /* iYAPC.xcdatamodel */,
			);
			currentVersion = 28860B760F44E54D00985440 /* iYAPC.xcdatamodel */;
			path = iYAPC.xcdatamodeld;
			sourceTree = "<group>";
			versionGroupType = wrapper.xcdatamodel;
		};
/* End XCVersionGroup section */
	};
	rootObject = 29B97313FDCFA39411CA2CEA /* Project object */;
}
